{"filter":false,"title":"Gemfile.lock","tooltip":"/pictgram/Gemfile.lock","undoManager":{"mark":-1,"position":-1,"stack":[]},"ace":{"folds":[],"scrolltop":2870,"scrollleft":0,"selection":{"start":{"row":0,"column":0},"end":{"row":0,"column":0},"isBackwards":false},"options":{"guessTabSize":true,"useWrapMode":false,"wrapToView":true},"firstLineState":{"row":167,"state":"start","mode":"ace/mode/text"}},"timestamp":1589614620712,"hash":"fdead498a7d168ab8d4126569faca3d86d6d5906"}